
Microsoft Visual Studio Solution File, Format Version 12.00
# Visual Studio Version 16
VisualStudioVersion = 16.0.30011.22
MinimumVisualStudioVersion = 10.0.40219.1
Project("{9A19103F-16F7-4668-BE54-9A1E7A4F7556}") = "CodingExercisePDE.Api", "CodingExercisePDE.Api\CodingExercisePDE.Api.csproj", "{4D84B587-01B4-4C57-A07F-B33EB7783874}"
EndProject
Project("{9A19103F-16F7-4668-BE54-9A1E7A4F7556}") = "CodingExercisePDE.Entities", "CodingExercisePDE.Entities\CodingExercisePDE.Entities.csproj", "{63BCA3E9-63C5-4A4E-A707-6077E8CA60FA}"
EndProject
Project("{9A19103F-16F7-4668-BE54-9A1E7A4F7556}") = "CodingExercisePDE.Services", "CodingExercisePDE.Services\CodingExercisePDE.Services.csproj", "{7676C309-9BCD-4F16-9052-A4B607162966}"
EndProject
Project("{9A19103F-16F7-4668-BE54-9A1E7A4F7556}") = "CodingExercisePDE.Domain", "CodingExercisePDE.Domain\CodingExercisePDE.Domain.csproj", "{EA444B26-E637-428D-989A-BBB70CD43D57}"
EndProject
Project("{FAE04EC0-301F-11D3-BF4B-00C04F79EFBC}") = "CodingExercisePDE.ServiceBusMessaging", "CodingExercisePDE.ServiceBusMessaging\CodingExercisePDE.ServiceBusMessaging.csproj", "{46697C06-D328-4E70-87DF-87B64AFF363C}"
EndProject
Global
	GlobalSection(SolutionConfigurationPlatforms) = preSolution
		Debug|Any CPU = Debug|Any CPU
		Release|Any CPU = Release|Any CPU
	EndGlobalSection
	GlobalSection(ProjectConfigurationPlatforms) = postSolution
		{4D84B587-01B4-4C57-A07F-B33EB7783874}.Debug|Any CPU.ActiveCfg = Debug|Any CPU
		{4D84B587-01B4-4C57-A07F-B33EB7783874}.Debug|Any CPU.Build.0 = Debug|Any CPU
		{4D84B587-01B4-4C57-A07F-B33EB7783874}.Release|Any CPU.ActiveCfg = Release|Any CPU
		{4D84B587-01B4-4C57-A07F-B33EB7783874}.Release|Any CPU.Build.0 = Release|Any CPU
		{63BCA3E9-63C5-4A4E-A707-6077E8CA60FA}.Debug|Any CPU.ActiveCfg = Debug|Any CPU
		{63BCA3E9-63C5-4A4E-A707-6077E8CA60FA}.Debug|Any CPU.Build.0 = Debug|Any CPU
		{63BCA3E9-63C5-4A4E-A707-6077E8CA60FA}.Release|Any CPU.ActiveCfg = Release|Any CPU
		{63BCA3E9-63C5-4A4E-A707-6077E8CA60FA}.Release|Any CPU.Build.0 = Release|Any CPU
		{7676C309-9BCD-4F16-9052-A4B607162966}.Debug|Any CPU.ActiveCfg = Debug|Any CPU
		{7676C309-9BCD-4F16-9052-A4B607162966}.Debug|Any CPU.Build.0 = Debug|Any CPU
		{7676C309-9BCD-4F16-9052-A4B607162966}.Release|Any CPU.ActiveCfg = Release|Any CPU
		{7676C309-9BCD-4F16-9052-A4B607162966}.Release|Any CPU.Build.0 = Release|Any CPU
		{EA444B26-E637-428D-989A-BBB70CD43D57}.Debug|Any CPU.ActiveCfg = Debug|Any CPU
		{EA444B26-E637-428D-989A-BBB70CD43D57}.Debug|Any CPU.Build.0 = Debug|Any CPU
		{EA444B26-E637-428D-989A-BBB70CD43D57}.Release|Any CPU.ActiveCfg = Release|Any CPU
		{EA444B26-E637-428D-989A-BBB70CD43D57}.Release|Any CPU.Build.0 = Release|Any CPU
		{46697C06-D328-4E70-87DF-87B64AFF363C}.Debug|Any CPU.ActiveCfg = Debug|Any CPU
		{46697C06-D328-4E70-87DF-87B64AFF363C}.Debug|Any CPU.Build.0 = Debug|Any CPU
		{46697C06-D328-4E70-87DF-87B64AFF363C}.Release|Any CPU.ActiveCfg = Release|Any CPU
		{46697C06-D328-4E70-87DF-87B64AFF363C}.Release|Any CPU.Build.0 = Release|Any CPU
	EndGlobalSection
	GlobalSection(SolutionProperties) = preSolution
		HideSolutionNode = FALSE
	EndGlobalSection
	GlobalSection(ExtensibilityGlobals) = postSolution
		SolutionGuid = {24623DF1-A4DE-4D1D-9A5D-05D2B5D34791}
	EndGlobalSection
EndGlobal
